
Microsoft Visual Studio Solution File, Format Version 12.00
Project("{2150E333-8FDC-42A3-9474-1A3956D46DE8}") = "SolutionFolder", "SolutionFolder", "{B0B26CF7-BEED-46B5-AE79-D8E4F96F2B1B}"
EndProject
Project("{FAE04EC0-301F-11D3-BF4B-00C04F79EFBC}") = "KeyValueStorage.Api", "src\KeyValueStorage.Api\KeyValueStorage.Api.csproj", "{6AA88F34-D56F-4172-B549-374F0F73547C}"
EndProject
Project("{FAE04EC0-301F-11D3-BF4B-00C04F79EFBC}") = "KeyValueStorage.Core", "src\KeyValueStorage.Core\KeyValueStorage.Core.csproj", "{49FD2238-92CE-44F9-947F-418902759757}"
EndProject
Project("{2150E333-8FDC-42A3-9474-1A3956D46DE8}") = "Tests", "Tests", "{0CD65CD3-A021-4BCA-9836-0F581BEF93FD}"
EndProject
Project("{FAE04EC0-301F-11D3-BF4B-00C04F79EFBC}") = "KeyValuesStorage.Core.UnitTests", "tests\KeyValuesStorage.Core.UnitTests\KeyValuesStorage.Core.UnitTests.csproj", "{B1B7CC15-E013-42CF-8F76-6BE6114A9473}"
EndProject
Project("{FAE04EC0-301F-11D3-BF4B-00C04F79EFBC}") = "KeyValueStorage.Api.UnitTests", "tests\KeyValueStorage.Api.UnitTests\KeyValueStorage.Api.UnitTests.csproj", "{6AFC9A8D-94AA-46D8-B179-5227C4638F5C}"
EndProject
Project("{FAE04EC0-301F-11D3-BF4B-00C04F79EFBC}") = "KeyValueStorage.Api.IntegrationTests", "tests\KeyValueStorage.Api.IntegrationTests\KeyValueStorage.Api.IntegrationTests.csproj", "{84D44114-B09A-4DE5-A2E8-29779517E143}"
EndProject
Global
	GlobalSection(SolutionConfigurationPlatforms) = preSolution
		Debug|Any CPU = Debug|Any CPU
		Release|Any CPU = Release|Any CPU
	EndGlobalSection
	GlobalSection(ProjectConfigurationPlatforms) = postSolution
		{6AA88F34-D56F-4172-B549-374F0F73547C}.Debug|Any CPU.ActiveCfg = Debug|Any CPU
		{6AA88F34-D56F-4172-B549-374F0F73547C}.Debug|Any CPU.Build.0 = Debug|Any CPU
		{6AA88F34-D56F-4172-B549-374F0F73547C}.Release|Any CPU.ActiveCfg = Release|Any CPU
		{6AA88F34-D56F-4172-B549-374F0F73547C}.Release|Any CPU.Build.0 = Release|Any CPU
		{49FD2238-92CE-44F9-947F-418902759757}.Debug|Any CPU.ActiveCfg = Debug|Any CPU
		{49FD2238-92CE-44F9-947F-418902759757}.Debug|Any CPU.Build.0 = Debug|Any CPU
		{49FD2238-92CE-44F9-947F-418902759757}.Release|Any CPU.ActiveCfg = Release|Any CPU
		{49FD2238-92CE-44F9-947F-418902759757}.Release|Any CPU.Build.0 = Release|Any CPU
		{B1B7CC15-E013-42CF-8F76-6BE6114A9473}.Debug|Any CPU.ActiveCfg = Debug|Any CPU
		{B1B7CC15-E013-42CF-8F76-6BE6114A9473}.Debug|Any CPU.Build.0 = Debug|Any CPU
		{B1B7CC15-E013-42CF-8F76-6BE6114A9473}.Release|Any CPU.ActiveCfg = Release|Any CPU
		{B1B7CC15-E013-42CF-8F76-6BE6114A9473}.Release|Any CPU.Build.0 = Release|Any CPU
		{6AFC9A8D-94AA-46D8-B179-5227C4638F5C}.Debug|Any CPU.ActiveCfg = Debug|Any CPU
		{6AFC9A8D-94AA-46D8-B179-5227C4638F5C}.Debug|Any CPU.Build.0 = Debug|Any CPU
		{6AFC9A8D-94AA-46D8-B179-5227C4638F5C}.Release|Any CPU.ActiveCfg = Release|Any CPU
		{6AFC9A8D-94AA-46D8-B179-5227C4638F5C}.Release|Any CPU.Build.0 = Release|Any CPU
		{84D44114-B09A-4DE5-A2E8-29779517E143}.Debug|Any CPU.ActiveCfg = Debug|Any CPU
		{84D44114-B09A-4DE5-A2E8-29779517E143}.Debug|Any CPU.Build.0 = Debug|Any CPU
		{84D44114-B09A-4DE5-A2E8-29779517E143}.Release|Any CPU.ActiveCfg = Release|Any CPU
		{84D44114-B09A-4DE5-A2E8-29779517E143}.Release|Any CPU.Build.0 = Release|Any CPU
	EndGlobalSection
	GlobalSection(NestedProjects) = preSolution
		{B1B7CC15-E013-42CF-8F76-6BE6114A9473} = {0CD65CD3-A021-4BCA-9836-0F581BEF93FD}
		{6AFC9A8D-94AA-46D8-B179-5227C4638F5C} = {0CD65CD3-A021-4BCA-9836-0F581BEF93FD}
		{84D44114-B09A-4DE5-A2E8-29779517E143} = {0CD65CD3-A021-4BCA-9836-0F581BEF93FD}
	EndGlobalSection
EndGlobal
